// !$*UTF8*$!
{
	archiveVersion = 1;
	classes = {
	};
	objectVersion = 46;
	objects = {

/* Begin PBXBuildFile section */
		7A1BFE981E4E70FD00668EAC /* Usercell.swift in Sources */ = {isa = PBXBuildFile; fileRef = 7A1BFE971E4E70FD00668EAC /* Usercell.swift */; };
		7A1BFE9A1E4E76F400668EAC /* HomeViewController.swift in Sources */ = {isa = PBXBuildFile; fileRef = 7A1BFE991E4E76F400668EAC /* HomeViewController.swift */; };
		7A1BFE9C1E4E9A7000668EAC /* SingleViewController.swift in Sources */ = {isa = PBXBuildFile; fileRef = 7A1BFE9B1E4E9A7000668EAC /* SingleViewController.swift */; };
		7A2976E61E523CD200E53214 /* UserdetaliViewController.swift in Sources */ = {isa = PBXBuildFile; fileRef = 7A2976E51E523CD200E53214 /* UserdetaliViewController.swift */; };
		7A2E54721E527BB600AA8DA4 /* UserdetailTableViewCell.swift in Sources */ = {isa = PBXBuildFile; fileRef = 7A2E54711E527BB600AA8DA4 /* UserdetailTableViewCell.swift */; };
		7A2E54741E529EE700AA8DA4 /* feelsViewController.swift in Sources */ = {isa = PBXBuildFile; fileRef = 7A2E54731E529EE700AA8DA4 /* feelsViewController.swift */; };
		7A3447911E4D1C1700929564 /* tuto.storyboard in Resources */ = {isa = PBXBuildFile; fileRef = 7A34478F1E4D1C1700929564 /* tuto.storyboard */; };
		7A86A83C1E4CEB0700A96836 /* AppDelegate.swift in Sources */ = {isa = PBXBuildFile; fileRef = 7A86A83B1E4CEB0700A96836 /* AppDelegate.swift */; };
		7A86A83E1E4CEB0700A96836 /* ViewController.swift in Sources */ = {isa = PBXBuildFile; fileRef = 7A86A83D1E4CEB0700A96836 /* ViewController.swift */; };
		7A86A8411E4CEB0700A96836 /* Main.storyboard in Resources */ = {isa = PBXBuildFile; fileRef = 7A86A83F1E4CEB0700A96836 /* Main.storyboard */; };
		7A86A8431E4CEB0700A96836 /* Assets.xcassets in Resources */ = {isa = PBXBuildFile; fileRef = 7A86A8421E4CEB0700A96836 /* Assets.xcassets */; };
		7A86A8461E4CEB0700A96836 /* LaunchScreen.storyboard in Resources */ = {isa = PBXBuildFile; fileRef = 7A86A8441E4CEB0700A96836 /* LaunchScreen.storyboard */; };
		7A86A8511E4CEC7600A96836 /* TutorialPageViewController.swift in Sources */ = {isa = PBXBuildFile; fileRef = 7A86A8501E4CEC7600A96836 /* TutorialPageViewController.swift */; };
		7A86A8531E4CECEC00A96836 /* Tutorialsteps.swift in Sources */ = {isa = PBXBuildFile; fileRef = 7A86A8521E4CECEC00A96836 /* Tutorialsteps.swift */; };
		7A86A8551E4CED3000A96836 /* TutorialViewController.swift in Sources */ = {isa = PBXBuildFile; fileRef = 7A86A8541E4CED3000A96836 /* TutorialViewController.swift */; };
/* End PBXBuildFile section */

/* Begin PBXFileReference section */
		7A1BFE971E4E70FD00668EAC /* Usercell.swift */ = {isa = PBXFileReference; fileEncoding = 4; lastKnownFileType = sourcecode.swift; path = Usercell.swift; sourceTree = "<group>"; };
		7A1BFE991E4E76F400668EAC /* HomeViewController.swift */ = {isa = PBXFileReference; fileEncoding = 4; lastKnownFileType = sourcecode.swift; path = HomeViewController.swift; sourceTree = "<group>"; };
		7A1BFE9B1E4E9A7000668EAC /* SingleViewController.swift */ = {isa = PBXFileReference; fileEncoding = 4; lastKnownFileType = sourcecode.swift; path = SingleViewController.swift; sourceTree = "<group>"; };
		7A2976E51E523CD200E53214 /* UserdetaliViewController.swift */ = {isa = PBXFileReference; fileEncoding = 4; lastKnownFileType = sourcecode.swift; path = UserdetaliViewController.swift; sourceTree = "<group>"; };
		7A2E54711E527BB600AA8DA4 /* UserdetailTableViewCell.swift */ = {isa = PBXFileReference; fileEncoding = 4; lastKnownFileType = sourcecode.swift; path = UserdetailTableViewCell.swift; sourceTree = "<group>"; };
		7A2E54731E529EE700AA8DA4 /* feelsViewController.swift */ = {isa = PBXFileReference; fileEncoding = 4; lastKnownFileType = sourcecode.swift; path = feelsViewController.swift; sourceTree = "<group>"; };
		7A3447901E4D1C1700929564 /* Base */ = {isa = PBXFileReference; lastKnownFileType = file.storyboard; name = Base; path = Base.lproj/tuto.storyboard; sourceTree = "<group>"; };
		7A86A8381E4CEB0700A96836 /* Milklove 2.0.app */ = {isa = PBXFileReference; explicitFileType = wrapper.application; includeInIndex = 0; path = "Milklove 2.0.app"; sourceTree = BUILT_PRODUCTS_DIR; };
		7A86A83B1E4CEB0700A96836 /* AppDelegate.swift */ = {isa = PBXFileReference; lastKnownFileType = sourcecode.swift; path = AppDelegate.swift; sourceTree = "<group>"; };
		7A86A83D1E4CEB0700A96836 /* ViewController.swift */ = {isa = PBXFileReference; lastKnownFileType = sourcecode.swift; path = ViewController.swift; sourceTree = "<group>"; };
		7A86A8401E4CEB0700A96836 /* Base */ = {isa = PBXFileReference; lastKnownFileType = file.storyboard; name = Base; path = Base.lproj/Main.storyboard; sourceTree = "<group>"; };
		7A86A8421E4CEB0700A96836 /* Assets.xcassets */ = {isa = PBXFileReference; lastKnownFileType = folder.assetcatalog; path = Assets.xcassets; sourceTree = "<group>"; };
		7A86A8451E4CEB0700A96836 /* Base */ = {isa = PBXFileReference; lastKnownFileType = file.storyboard; name = Base; path = Base.lproj/LaunchScreen.storyboard; sourceTree = "<group>"; };
		7A86A8471E4CEB0700A96836 /* Info.plist */ = {isa = PBXFileReference; lastKnownFileType = text.plist.xml; path = Info.plist; sourceTree = "<group>"; };
		7A86A8501E4CEC7600A96836 /* TutorialPageViewController.swift */ = {isa = PBXFileReference; fileEncoding = 4; lastKnownFileType = sourcecode.swift; path = TutorialPageViewController.swift; sourceTree = "<group>"; };
		7A86A8521E4CECEC00A96836 /* Tutorialsteps.swift */ = {isa = PBXFileReference; fileEncoding = 4; lastKnownFileType = sourcecode.swift; path = Tutorialsteps.swift; sourceTree = "<group>"; };
		7A86A8541E4CED3000A96836 /* TutorialViewController.swift */ = {isa = PBXFileReference; fileEncoding = 4; lastKnownFileType = sourcecode.swift; path = TutorialViewController.swift; sourceTree = "<group>"; };
/* End PBXFileReference section */

/* Begin PBXFrameworksBuildPhase section */
		7A86A8351E4CEB0700A96836 /* Frameworks */ = {
			isa = PBXFrameworksBuildPhase;
			buildActionMask = 2147483647;
			files = (
			);
			runOnlyForDeploymentPostprocessing = 0;
		};
/* End PBXFrameworksBuildPhase section */

/* Begin PBXGroup section */
		7A86A82F1E4CEB0700A96836 = {
			isa = PBXGroup;
			children = (
				7A86A83A1E4CEB0700A96836 /* Milklove 2.0 */,
				7A86A8391E4CEB0700A96836 /* Products */,
			);
			sourceTree = "<group>";
		};
		7A86A8391E4CEB0700A96836 /* Products */ = {
			isa = PBXGroup;
			children = (
				7A86A8381E4CEB0700A96836 /* Milklove 2.0.app */,
			);
			name = Products;
			sourceTree = "<group>";
		};
		7A86A83A1E4CEB0700A96836 /* Milklove 2.0 */ = {
			isa = PBXGroup;
			children = (
				7A86A83B1E4CEB0700A96836 /* AppDelegate.swift */,
				7A86A83D1E4CEB0700A96836 /* ViewController.swift */,
				7A86A83F1E4CEB0700A96836 /* Main.storyboard */,
				7A2E54731E529EE700AA8DA4 /* feelsViewController.swift */,
				7A2E54711E527BB600AA8DA4 /* UserdetailTableViewCell.swift */,
				7A2976E51E523CD200E53214 /* UserdetaliViewController.swift */,
				7A34478F1E4D1C1700929564 /* tuto.storyboard */,
				7A1BFE991E4E76F400668EAC /* HomeViewController.swift */,
				7A1BFE9B1E4E9A7000668EAC /* SingleViewController.swift */,
				7A1BFE971E4E70FD00668EAC /* Usercell.swift */,
				7A86A8521E4CECEC00A96836 /* Tutorialsteps.swift */,
				7A86A8541E4CED3000A96836 /* TutorialViewController.swift */,
				7A86A8501E4CEC7600A96836 /* TutorialPageViewController.swift */,
				7A86A8421E4CEB0700A96836 /* Assets.xcassets */,
				7A86A8441E4CEB0700A96836 /* LaunchScreen.storyboard */,
				7A86A8471E4CEB0700A96836 /* Info.plist */,
			);
			path = "Milklove 2.0";
			sourceTree = "<group>";
		};
/* End PBXGroup section */

/* Begin PBXNativeTarget section */
		7A86A8371E4CEB0700A96836 /* Milklove 2.0 */ = {
			isa = PBXNativeTarget;
			buildConfigurationList = 7A86A84A1E4CEB0700A96836 /* Build configuration list for PBXNativeTarget "Milklove 2.0" */;
			buildPhases = (
				7A86A8341E4CEB0700A96836 /* Sources */,
				7A86A8351E4CEB0700A96836 /* Frameworks */,
				7A86A8361E4CEB0700A96836 /* Resources */,
			);
			buildRules = (
			);
			dependencies = (
			);
			name = "Milklove 2.0";
			productName = "Milklove 2.0";
			productReference = 7A86A8381E4CEB0700A96836 /* Milklove 2.0.app */;
			productType = "com.apple.product-type.application";
		};
/* End PBXNativeTarget section */

/* Begin PBXProject section */
		7A86A8301E4CEB0700A96836 /* Project object */ = {
			isa = PBXProject;
			attributes = {
				LastSwiftUpdateCheck = 0810;
				LastUpgradeCheck = 0810;
				ORGANIZATIONNAME = "JESUS ZAVAlA";
				TargetAttributes = {
					7A86A8371E4CEB0700A96836 = {
						CreatedOnToolsVersion = 8.1;
						DevelopmentTeam = 7B7UR66WGE;
						ProvisioningStyle = Automatic;
					};
				};
			};
			buildConfigurationList = 7A86A8331E4CEB0700A96836 /* Build configuration list for PBXProject "Milklove 2.0" */;
			compatibilityVersion = "Xcode 3.2";
			developmentRegion = English;
			hasScannedForEncodings = 0;
			knownRegions = (
				en,
				Base,
			);
			mainGroup = 7A86A82F1E4CEB0700A96836;
			productRefGroup = 7A86A8391E4CEB0700A96836 /* Products */;
			projectDirPath = "";
			projectRoot = "";
			targets = (
				7A86A8371E4CEB0700A96836 /* Milklove 2.0 */,
			);
		};
/* End PBXProject section */

/* Begin PBXResourcesBuildPhase section */
		7A86A8361E4CEB0700A96836 /* Resources */ = {
			isa = PBXResourcesBuildPhase;
			buildActionMask = 2147483647;
			files = (
				7A86A8461E4CEB0700A96836 /* LaunchScreen.storyboard in Resources */,
				7A86A8431E4CEB0700A96836 /* Assets.xcassets in Resources */,
				7A3447911E4D1C1700929564 /* tuto.storyboard in Resources */,
				7A86A8411E4CEB0700A96836 /* Main.storyboard in Resources */,
			);
			runOnlyForDeploymentPostprocessing = 0;
		};
/* End PBXResourcesBuildPhase section */

/* Begin PBXSourcesBuildPhase section */
		7A86A8341E4CEB0700A96836 /* Sources */ = {
			isa = PBXSourcesBuildPhase;
			buildActionMask = 2147483647;
			files = (
				7A1BFE981E4E70FD00668EAC /* Usercell.swift in Sources */,
				7A2E54741E529EE700AA8DA4 /* feelsViewController.swift in Sources */,
				7A86A83E1E4CEB0700A96836 /* ViewController.swift in Sources */,
				7A86A8531E4CECEC00A96836 /* Tutorialsteps.swift in Sources */,
				7A86A8551E4CED3000A96836 /* TutorialViewController.swift in Sources */,
				7A86A8511E4CEC7600A96836 /* TutorialPageViewController.swift in Sources */,
				7A1BFE9A1E4E76F400668EAC /* HomeViewController.swift in Sources */,
				7A1BFE9C1E4E9A7000668EAC /* SingleViewController.swift in Sources */,
				7A2E54721E527BB600AA8DA4 /* UserdetailTableViewCell.swift in Sources */,
				7A2976E61E523CD200E53214 /* UserdetaliViewController.swift in Sources */,
				7A86A83C1E4CEB0700A96836 /* AppDelegate.swift in Sources */,
			);
			runOnlyForDeploymentPostprocessing = 0;
		};
/* End PBXSourcesBuildPhase section */

/* Begin PBXVariantGroup section */
		7A34478F1E4D1C1700929564 /* tuto.storyboard */ = {
			isa = PBXVariantGroup;
			children = (
				7A3447901E4D1C1700929564 /* Base */,
			);
			name = tuto.storyboard;
			sourceTree = "<group>";
		};
		7A86A83F1E4CEB0700A96836 /* Main.storyboard */ = {
			isa = PBXVariantGroup;
			children = (
				7A86A8401E4CEB0700A96836 /* Base */,
			);
			name = Main.storyboard;
			sourceTree = "<group>";
		};
		7A86A8441E4CEB0700A96836 /* LaunchScreen.storyboard */ = {
			isa = PBXVariantGroup;
			children = (
				7A86A8451E4CEB0700A96836 /* Base */,
			);
			name = LaunchScreen.storyboard;
			sourceTree = "<group>";
		};
/* End PBXVariantGroup section */

/* Begin XCBuildConfiguration section */
		7A86A8481E4CEB0700A96836 /* Debug */ = {
			isa = XCBuildConfiguration;
			buildSettings = {
				ALWAYS_SEARCH_USER_PATHS = NO;
				CLANG_ANALYZER_NONNULL = YES;
				CLANG_CXX_LANGUAGE_STANDARD = "gnu++0x";
				CLANG_CXX_LIBRARY = "libc++";
				CLANG_ENABLE_MODULES = YES;
				CLANG_ENABLE_OBJC_ARC = YES;
				CLANG_WARN_BOOL_CONVERSION = YES;
				CLANG_WARN_CONSTANT_CONVERSION = YES;
				CLANG_WARN_DIRECT_OBJC_ISA_USAGE = YES_ERROR;
				CLANG_WARN_DOCUMENTATION_COMMENTS = YES;
				CLANG_WARN_EMPTY_BODY = YES;
				CLANG_WARN_ENUM_CONVERSION = YES;
				CLANG_WARN_INFINITE_RECURSION = YES;
				CLANG_WARN_INT_CONVERSION = YES;
				CLANG_WARN_OBJC_ROOT_CLASS = YES_ERROR;
				CLANG_WARN_SUSPICIOUS_MOVES = YES;
				CLANG_WARN_UNREACHABLE_CODE = YES;
				CLANG_WARN__DUPLICATE_METHOD_MATCH = YES;
				"CODE_SIGN_IDENTITY[sdk=iphoneos*]" = "iPhone Developer";
				COPY_PHASE_STRIP = NO;
				DEBUG_INFORMATION_FORMAT = dwarf;
				ENABLE_STRICT_OBJC_MSGSEND = YES;
				ENABLE_TESTABILITY = YES;
				GCC_C_LANGUAGE_STANDARD = gnu99;
				GCC_DYNAMIC_NO_PIC = NO;
				GCC_NO_COMMON_BLOCKS = YES;
				GCC_OPTIMIZATION_LEVEL = 0;
				GCC_PREPROCESSOR_DEFINITIONS = (
					"DEBUG=1",
					"$(inherited)",
				);
				GCC_WARN_64_TO_32_BIT_CONVERSION = YES;
				GCC_WARN_ABOUT_RETURN_TYPE = YES_ERROR;
				GCC_WARN_UNDECLARED_SELECTOR = YES;
				GCC_WARN_UNINITIALIZED_AUTOS = YES_AGGRESSIVE;
				GCC_WARN_UNUSED_FUNCTION = YES;
				GCC_WARN_UNUSED_VARIABLE = YES;
				IPHONEOS_DEPLOYMENT_TARGET = 10.1;
				MTL_ENABLE_DEBUG_INFO = YES;
				ONLY_ACTIVE_ARCH = YES;
				SDKROOT = iphoneos;
				SWIFT_ACTIVE_COMPILATION_CONDITIONS = DEBUG;
				SWIFT_OPTIMIZATION_LEVEL = "-Onone";
				TARGETED_DEVICE_FAMILY = "1,2";
			};
			name = Debug;
		};
		7A86A8491E4CEB0700A96836 /* Release */ = {
			isa = XCBuildConfiguration;
			buildSettings = {
				ALWAYS_SEARCH_USER_PATHS = NO;
				CLANG_ANALYZER_NONNULL = YES;
				CLANG_CXX_LANGUAGE_STANDARD = "gnu++0x";
				CLANG_CXX_LIBRARY = "libc++";
				CLANG_ENABLE_MODULES = YES;
				CLANG_ENABLE_OBJC_ARC = YES;
				CLANG_WARN_BOOL_CONVERSION = YES;
				CLANG_WARN_CONSTANT_CONVERSION = YES;
				CLANG_WARN_DIRECT_OBJC_ISA_USAGE = YES_ERROR;
				CLANG_WARN_DOCUMENTATION_COMMENTS = YES;
				CLANG_WARN_EMPTY_BODY = YES;
				CLANG_WARN_ENUM_CONVERSION = YES;
				CLANG_WARN_INFINITE_RECURSION = YES;
				CLANG_WARN_INT_CONVERSION = YES;
				CLANG_WARN_OBJC_ROOT_CLASS = YES_ERROR;
				CLANG_WARN_SUSPICIOUS_MOVES = YES;
				CLANG_WARN_UNREACHABLE_CODE = YES;
				CLANG_WARN__DUPLICATE_METHOD_MATCH = YES;
				"CODE_SIGN_IDENTITY[sdk=iphoneos*]" = "iPhone Developer";
				COPY_PHASE_STRIP = NO;
				DEBUG_INFORMATION_FORMAT = "dwarf-with-dsym";
				ENABLE_NS_ASSERTIONS = NO;
				ENABLE_STRICT_OBJC_MSGSEND = YES;
				GCC_C_LANGUAGE_STANDARD = gnu99;
				GCC_NO_COMMON_BLOCKS = YES;
				GCC_WARN_64_TO_32_BIT_CONVERSION = YES;
				GCC_WARN_ABOUT_RETURN_TYPE = YES_ERROR;
				GCC_WARN_UNDECLARED_SELECTOR = YES;
				GCC_WARN_UNINITIALIZED_AUTOS = YES_AGGRESSIVE;
				GCC_WARN_UNUSED_FUNCTION = YES;
				GCC_WARN_UNUSED_VARIABLE = YES;
				IPHONEOS_DEPLOYMENT_TARGET = 10.1;
				MTL_ENABLE_DEBUG_INFO = NO;
				SDKROOT = iphoneos;
				SWIFT_OPTIMIZATION_LEVEL = "-Owholemodule";
				TARGETED_DEVICE_FAMILY = "1,2";
				VALIDATE_PRODUCT = YES;
			};
			name = Release;
		};
		7A86A84B1E4CEB0700A96836 /* Debug */ = {
			isa = XCBuildConfiguration;
			buildSettings = {
				ASSETCATALOG_COMPILER_APPICON_NAME = AppIcon;
				DEVELOPMENT_TEAM = 7B7UR66WGE;
				INFOPLIST_FILE = "Milklove 2.0/Info.plist";
				LD_RUNPATH_SEARCH_PATHS = "$(inherited) @executable_path/Frameworks";
				PRODUCT_BUNDLE_IDENTIFIER = "com.yisus.Milklove-2-0";
				PRODUCT_NAME = "$(TARGET_NAME)";
				SWIFT_VERSION = 3.0;
			};
			name = Debug;
		};
		7A86A84C1E4CEB0700A96836 /* Release */ = {
			isa = XCBuildConfiguration;
			buildSettings = {
				ASSETCATALOG_COMPILER_APPICON_NAME = AppIcon;
				DEVELOPMENT_TEAM = 7B7UR66WGE;
				INFOPLIST_FILE = "Milklove 2.0/Info.plist";
				LD_RUNPATH_SEARCH_PATHS = "$(inherited) @executable_path/Frameworks";
				PRODUCT_BUNDLE_IDENTIFIER = "com.yisus.Milklove-2-0";
				PRODUCT_NAME = "$(TARGET_NAME)";
				SWIFT_VERSION = 3.0;
			};
			name = Release;
		};
/* End XCBuildConfiguration section */

/* Begin XCConfigurationList section */
		7A86A8331E4CEB0700A96836 /* Build configuration list for PBXProject "Milklove 2.0" */ = {
			isa = XCConfigurationList;
			buildConfigurations = (
				7A86A8481E4CEB0700A96836 /* Debug */,
				7A86A8491E4CEB0700A96836 /* Release */,
			);
			defaultConfigurationIsVisible = 0;
			defaultConfigurationName = Release;
		};
		7A86A84A1E4CEB0700A96836 /* Build configuration list for PBXNativeTarget "Milklove 2.0" */ = {
			isa = XCConfigurationList;
			buildConfigurations = (
				7A86A84B1E4CEB0700A96836 /* Debug */,
				7A86A84C1E4CEB0700A96836 /* Release */,
			);
			defaultConfigurationIsVisible = 0;
			defaultConfigurationName = Release;
		};
/* End XCConfigurationList section */
	};
	rootObject = 7A86A8301E4CEB0700A96836 /* Project object */;
}
